# THIS IS AN AUTOGENERATED FILE. DO NOT EDIT THIS FILE DIRECTLY.
# yarn lockfile v1


bignumber.js@7.2.1:
  version "7.2.1"
  resolved "https://registry.yarnpkg.com/bignumber.js/-/bignumber.js-7.2.1.tgz#80c048759d826800807c4bfd521e50edbba57a5f"
  integrity sha512-S4XzBk5sMB+Rcb/LNcpzXr57VRTxgAvaAEDAl1AwRx27j00hT84O6OkteE7u8UB3NuaaygCRrEpqox4uDOrbdQ==

buffer-crc32@0.1.1:
  version "0.1.1"
  resolved "https://registry.yarnpkg.com/buffer-crc32/-/buffer-crc32-0.1.1.tgz#7e110dc9953908ab7c32acdc70c9f945b1cbc526"
  integrity sha1-fhENyZU5CKt8MqzccMn5RbHLxSY=

buffer-crc32@~0.2.1:
  version "0.2.13"
  resolved "https://registry.yarnpkg.com/buffer-crc32/-/buffer-crc32-0.2.13.tgz#0d333e3f00eac50aa1454abd30ef8c2a5d9a7242"
  integrity sha1-DTM+PwDqxQqhRUq9MO+MKl2ackI=

bytes@0.2.0:
  version "0.2.0"
  resolved "https://registry.yarnpkg.com/bytes/-/bytes-0.2.0.tgz#aad33ec14e3dc2ca74e8e7d451f9ba053ad4f7a0"
  integrity sha1-qtM+wU49wsp06OfUUfm6BTrU96A=

commander@0.6.1:
  version "0.6.1"
  resolved "https://registry.yarnpkg.com/commander/-/commander-0.6.1.tgz#fa68a14f6a945d54dbbe50d8cdb3320e9e3b1a06"
  integrity sha1-+mihT2qUXVTbvlDYzbMyDp47GgY=

connect@2.7.5:
  version "2.7.5"
  resolved "https://registry.yarnpkg.com/connect/-/connect-2.7.5.tgz#139111b4b03f0533a524927a88a646ae467b2c02"
  integrity sha1-E5ERtLA/BTOlJJJ6iKZGrkZ7LAI=
  dependencies:
    buffer-crc32 "0.1.1"
    bytes "0.2.0"
    cookie "0.0.5"
    cookie-signature "1.0.0"
    debug "*"
    formidable "1.0.11"
    fresh "0.1.0"
    pause "0.0.1"
    qs "0.5.1"
    send "0.1.0"

cookie-signature@1.0.0:
  version "1.0.0"
  resolved "https://registry.yarnpkg.com/cookie-signature/-/cookie-signature-1.0.0.tgz#0044f332ac623df851c914e88eacc57f0c9704fe"
  integrity sha1-AETzMqxiPfhRyRTojqzFfwyXBP4=

cookie@0.0.5:
  version "0.0.5"
  resolved "https://registry.yarnpkg.com/cookie/-/cookie-0.0.5.tgz#f9acf9db57eb7568c9fcc596256b7bb22e307c81"
  integrity sha1-+az521frdWjJ/MWWJWt7si4wfIE=

core-util-is@~1.0.0:
  version "1.0.2"
  resolved "https://registry.yarnpkg.com/core-util-is/-/core-util-is-1.0.2.tgz#b5fd54220aa2bc5ab57aab7140c940754503c1a7"
  integrity sha1-tf1UIgqivFq1eqtxQMlAdUUDwac=

debug@*:
  version "4.1.1"
  resolved "https://registry.yarnpkg.com/debug/-/debug-4.1.1.tgz#3b72260255109c6b589cee050f1d516139664791"
  integrity sha512-pYAIzeRo8J6KPEaJ0VWOh5Pzkbw/RetuzehGM7QRRX5he4fPHx2rdKMB256ehJCkX+XRQm16eZLqLNS8RSZXZw==
  dependencies:
    ms "^2.1.1"

express@3.1.x:
  version "3.1.2"
  resolved "https://registry.yarnpkg.com/express/-/express-3.1.2.tgz#52a02c8db8f22bbfa0d7478d847cd45161f985f7"
  integrity sha1-UqAsjbjyK7+g10eNhHzUUWH5hfc=
  dependencies:
    buffer-crc32 "~0.2.1"
    commander "0.6.1"
    connect "2.7.5"
    cookie "0.0.5"
    cookie-signature "1.0.0"
    debug "*"
    fresh "0.1.0"
    methods "0.0.1"
    mkdirp "~0.3.4"
    range-parser "0.0.4"
    send "0.1.0"

formidable@1.0.11:
  version "1.0.11"
  resolved "https://registry.yarnpkg.com/formidable/-/formidable-1.0.11.tgz#68f63325a035e644b6f7bb3d11243b9761de1b30"
  integrity sha1-aPYzJaA15kS297s9ESQ7l2HeGzA=

fresh@0.1.0:
  version "0.1.0"
  resolved "https://registry.yarnpkg.com/fresh/-/fresh-0.1.0.tgz#03e4b0178424e4c2d5d19a54d8814cdc97934850"
  integrity sha1-A+SwF4Qk5MLV0ZpU2IFM3JeTSFA=

inherits@~2.0.3:
  version "2.0.4"
  resolved "https://registry.yarnpkg.com/inherits/-/inherits-2.0.4.tgz#0fa2c64f932917c3433a0ded55363aae37416b7c"
  integrity sha512-k/vGaX4/Yla3WzyMCvTQOXYeIHvqOKtnqBduzTHpzpQZzAskKMhZ2K+EnBiSM9zGSoIFeMpXKxa4dYeZIQqewQ==

isarray@~1.0.0:
  version "1.0.0"
  resolved "https://registry.yarnpkg.com/isarray/-/isarray-1.0.0.tgz#bb935d48582cba168c06834957a54a3e07124f11"
  integrity sha1-u5NdSFgsuhaMBoNJV6VKPgcSTxE=

methods@0.0.1:
  version "0.0.1"
  resolved "https://registry.yarnpkg.com/methods/-/methods-0.0.1.tgz#277c90f8bef39709645a8371c51c3b6c648e068c"
  integrity sha1-J3yQ+L7zlwlkWoNxxRw7bGSOBow=

mime@1.2.6:
  version "1.2.6"
  resolved "https://registry.yarnpkg.com/mime/-/mime-1.2.6.tgz#b1f86c768c025fa87b48075f1709f28aeaf20365"
  integrity sha1-sfhsdowCX6h7SAdfFwnyiuryA2U=

mkdirp@~0.3.4:
  version "0.3.5"
  resolved "https://registry.yarnpkg.com/mkdirp/-/mkdirp-0.3.5.tgz#de3e5f8961c88c787ee1368df849ac4413eca8d7"
  integrity sha1-3j5fiWHIjHh+4TaN+EmsRBPsqNc=

ms@^2.1.1:
  version "2.1.2"
  resolved "https://registry.yarnpkg.com/ms/-/ms-2.1.2.tgz#d09d1f357b443f493382a8eb3ccd183872ae6009"
  integrity sha512-sGkPx+VjMtmA6MX27oA4FBFELFCZZ4S4XqeGOXCv68tT+jb3vk/RyaKWP0PTKyWtmLSM0b+adUTEvbs1PEaH2w==

mysql@:
  version "2.17.1"
  resolved "https://registry.yarnpkg.com/mysql/-/mysql-2.17.1.tgz#62bba4a039a9b2f73638cd1652ce50fc6f682899"
  integrity sha512-7vMqHQ673SAk5C8fOzTG2LpPcf3bNt0oL3sFpxPEEFp1mdlDcrLK0On7z8ZYKaaHrHwNcQ/MTUz7/oobZ2OyyA==
  dependencies:
    bignumber.js "7.2.1"
    readable-stream "2.3.6"
    safe-buffer "5.1.2"
    sqlstring "2.3.1"

pause@0.0.1:
  version "0.0.1"
  resolved "https://registry.yarnpkg.com/pause/-/pause-0.0.1.tgz#1d408b3fdb76923b9543d96fb4c9dfd535d9cb5d"
  integrity sha1-HUCLP9t2kjuVQ9lvtMnf1TXZy10=

process-nextick-args@~2.0.0:
  version "2.0.1"
  resolved "https://registry.yarnpkg.com/process-nextick-args/-/process-nextick-args-2.0.1.tgz#7820d9b16120cc55ca9ae7792680ae7dba6d7fe2"
  integrity sha512-3ouUOpQhtgrbOa17J7+uxOTpITYWaGP7/AhoR3+A+/1e9skrzelGi/dXzEYyvbxubEF6Wn2ypscTKiKJFFn1ag==

qs@0.5.1:
  version "0.5.1"
  resolved "https://registry.yarnpkg.com/qs/-/qs-0.5.1.tgz#9f6bf5d9ac6c76384e95d36d15b48980e5e4add0"
  integrity sha1-n2v12axsdjhOldNtFbSJgOXkrdA=

range-parser@0.0.4:
  version "0.0.4"
  resolved "https://registry.yarnpkg.com/range-parser/-/range-parser-0.0.4.tgz#c0427ffef51c10acba0782a46c9602e744ff620b"
  integrity sha1-wEJ//vUcEKy6B4KkbJYC50T/Ygs=

readable-stream@2.3.6:
  version "2.3.6"
  resolved "https://registry.yarnpkg.com/readable-stream/-/readable-stream-2.3.6.tgz#b11c27d88b8ff1fbe070643cf94b0c79ae1b0aaf"
  integrity sha512-tQtKA9WIAhBF3+VLAseyMqZeBjW0AHJoxOtYqSUZNJxauErmLbVm2FW1y+J/YA9dUrAC39ITejlZWhVIwawkKw==
  dependencies:
    core-util-is "~1.0.0"
    inherits "~2.0.3"
    isarray "~1.0.0"
    process-nextick-args "~2.0.0"
    safe-buffer "~5.1.1"
    string_decoder "~1.1.1"
    util-deprecate "~1.0.1"

safe-buffer@5.1.2, safe-buffer@~5.1.0, safe-buffer@~5.1.1:
  version "5.1.2"
  resolved "https://registry.yarnpkg.com/safe-buffer/-/safe-buffer-5.1.2.tgz#991ec69d296e0313747d59bdfd2b745c35f8828d"
  integrity sha512-Gd2UZBJDkXlY7GbJxfsE8/nvKkUEU1G38c1siN6QP6a9PT9MmHB8GnpscSmMJSoF8LOIrt8ud/wPtojys4G6+g==

send@0.1.0:
  version "0.1.0"
  resolved "https://registry.yarnpkg.com/send/-/send-0.1.0.tgz#cfb08ebd3cec9b7fc1a37d9ff9e875a971cf4640"
  integrity sha1-z7COvTzsm3/Bo32f+eh1qXHPRkA=
  dependencies:
    debug "*"
    fresh "0.1.0"
    mime "1.2.6"
    range-parser "0.0.4"

sqlstring@2.3.1:
  version "2.3.1"
  resolved "https://registry.yarnpkg.com/sqlstring/-/sqlstring-2.3.1.tgz#475393ff9e91479aea62dcaf0ca3d14983a7fb40"
  integrity sha1-R1OT/56RR5rqYtyvDKPRSYOn+0A=

string_decoder@~1.1.1:
  version "1.1.1"
  resolved "https://registry.yarnpkg.com/string_decoder/-/string_decoder-1.1.1.tgz#9cf1611ba62685d7030ae9e4ba34149c3af03fc8"
  integrity sha512-n/ShnvDi6FHbbVfviro+WojiFzv+s8MPMHBczVePfUpDJLwoLT0ht1l4YwBCbi8pJAveEEdnkHyPyTP/mzRfwg==
  dependencies:
    safe-buffer "~5.1.0"

util-deprecate@~1.0.1:
  version "1.0.2"
  resolved "https://registry.yarnpkg.com/util-deprecate/-/util-deprecate-1.0.2.tgz#450d4dc9fa70de732762fbd2d4a28981419a0ccf"
  integrity sha1-RQ1Nyfpw3nMnYvvS1KKJgUGaDM8=
